<?xml version="1.0" encoding="utf-8"?>
<Project ToolsVersion="4.0" xmlns="http://schemas.microsoft.com/developer/msbuild/2003">
  <ItemGroup>
    <Filter Include="Fichiers sources">
      <UniqueIdentifier>{4FC737F1-C7A5-4376-A066-2A32D752A2FF}</UniqueIdentifier>
      <Extensions>cpp;c;cc;cxx;def;odl;idl;hpj;bat;asm;asmx</Extensions>
    </Filter>
    <Filter Include="Fichiers d%27en-tête">
      <UniqueIdentifier>{93995380-89BD-4b04-88EB-625FBE52EBFB}</UniqueIdentifier>
      <Extensions>h;hh;hpp;hxx;hm;inl;inc;xsd</Extensions>
    </Filter>
    <Filter Include="Fichiers de ressources">
      <UniqueIdentifier>{67DA6AB6-F800-4c08-8B7A-83BB121AAD01}</UniqueIdentifier>
      <Extensions>rc;ico;cur;bmp;dlg;rc2;rct;bin;rgs;gif;jpg;jpeg;jpe;resx;tiff;tif;png;wav;mfcribbon-ms</Extensions>
    </Filter>
  </ItemGroup>
  <ItemGroup>
    <ClCompile Include="main.cpp">
      <Filter>Fichiers sources</Filter>
    </ClCompile>
    <ClCompile Include="RAL\Log.cpp">
      <Filter>Fichiers sources</Filter>
    </ClCompile>
    <ClCompile Include="RAL\WindowWinAPI.cpp">
      <Filter>Fichiers sources</Filter>
    </ClCompile>
    <ClCompile Include="RAL\DirectInput.cpp">
      <Filter>Fichiers sources</Filter>
    </ClCompile>
    <ClCompile Include="RAL\RenderingContextDX11.cpp">
      <Filter>Fichiers sources</Filter>
    </ClCompile>
    <ClCompile Include="math\Matrix4f.cpp">
      <Filter>Fichiers sources</Filter>
    </ClCompile>
    <ClCompile Include="loaders\ShaderLoader.cpp">
      <Filter>Fichiers sources</Filter>
    </ClCompile>
    <ClCompile Include="RL\ShaderDX11.cpp">
      <Filter>Fichiers sources</Filter>
    </ClCompile>
    <ClCompile Include="RL\Model2DDX11.cpp">
      <Filter>Fichiers sources</Filter>
    </ClCompile>
    <ClCompile Include="RML\ResourceManager.cpp">
      <Filter>Fichiers sources</Filter>
    </ClCompile>
    <ClCompile Include="RAL\WindowGLFW.cpp">
      <Filter>Fichiers sources</Filter>
    </ClCompile>
    <ClCompile Include="RAL\RenderingContextGL.cpp">
      <Filter>Fichiers sources</Filter>
    </ClCompile>
    <ClCompile Include="RL\ShaderGL.cpp">
      <Filter>Fichiers sources</Filter>
    </ClCompile>
    <ClCompile Include="RL\Model2DGL.cpp">
      <Filter>Fichiers sources</Filter>
    </ClCompile>
    <ClCompile Include="loaders\LevelLoader.cpp">
      <Filter>Fichiers sources</Filter>
    </ClCompile>
    <ClCompile Include="RL\RendererGL.cpp">
      <Filter>Fichiers sources</Filter>
    </ClCompile>
    <ClCompile Include="RL\RendererDX11.cpp">
      <Filter>Fichiers sources</Filter>
    </ClCompile>
    <ClCompile Include="GL\Level.cpp">
      <Filter>Fichiers sources</Filter>
    </ClCompile>
    <ClCompile Include="RL\Mesh2D.cpp">
      <Filter>Fichiers sources</Filter>
    </ClCompile>
    <ClCompile Include="RL\Material.cpp">
      <Filter>Fichiers sources</Filter>
    </ClCompile>
    <ClCompile Include="RL\TextureGL.cpp">
      <Filter>Fichiers sources</Filter>
    </ClCompile>
    <ClCompile Include="math\Matrix3f.cpp">
      <Filter>Fichiers sources</Filter>
    </ClCompile>
    <ClCompile Include="math\Transform2D.cpp">
      <Filter>Fichiers sources</Filter>
    </ClCompile>
    <ClCompile Include="RL\Model3DGL.cpp">
      <Filter>Fichiers sources</Filter>
    </ClCompile>
    <ClCompile Include="loaders\OBJLoader.cpp">
      <Filter>Fichiers sources</Filter>
    </ClCompile>
    <ClCompile Include="RL\Mesh3D.cpp">
      <Filter>Fichiers sources</Filter>
    </ClCompile>
    <ClCompile Include="math\Transform3D.cpp">
      <Filter>Fichiers sources</Filter>
    </ClCompile>
    <ClCompile Include="RL\Camera.cpp">
      <Filter>Fichiers sources</Filter>
    </ClCompile>
    <ClCompile Include="RL\Model3DDX11.cpp">
      <Filter>Fichiers sources</Filter>
    </ClCompile>
    <ClCompile Include="loaders\ModelLoader.cpp">
      <Filter>Fichiers sources</Filter>
    </ClCompile>
    <ClCompile Include="RL\lights\DirectionalLight.cpp">
      <Filter>Fichiers sources</Filter>
    </ClCompile>
    <ClCompile Include="RL\lights\PointLight.cpp">
      <Filter>Fichiers sources</Filter>
    </ClCompile>
    <ClCompile Include="RL\TextureDX11.cpp">
      <Filter>Fichiers sources</Filter>
    </ClCompile>
    <ClCompile Include="PL\PrimitiveCollision.cpp">
      <Filter>Fichiers sources</Filter>
    </ClCompile>
    <ClCompile Include="PL\PhysicsPrimitives.cpp">
      <Filter>Fichiers sources</Filter>
    </ClCompile>
    <ClCompile Include="loaders\LevelLoader_lua.cpp">
      <Filter>Fichiers sources</Filter>
    </ClCompile>
    <ClCompile Include="loaders\TextureLoader.cpp">
      <Filter>Fichiers sources</Filter>
    </ClCompile>
  </ItemGroup>
  <ItemGroup>
    <ClInclude Include="RAL\buildDesc.hpp">
      <Filter>Fichiers d%27en-tête</Filter>
    </ClInclude>
    <ClInclude Include="RAL\Window.hpp">
      <Filter>Fichiers d%27en-tête</Filter>
    </ClInclude>
    <ClInclude Include="RAL\WindowWinAPI.hpp">
      <Filter>Fichiers d%27en-tête</Filter>
    </ClInclude>
    <ClInclude Include="RAL\Log.hpp">
      <Filter>Fichiers d%27en-tête</Filter>
    </ClInclude>
    <ClInclude Include="RAL\UsingDX11.hpp">
      <Filter>Fichiers d%27en-tête</Filter>
    </ClInclude>
    <ClInclude Include="RAL\DirectInput.hpp">
      <Filter>Fichiers d%27en-tête</Filter>
    </ClInclude>
    <ClInclude Include="RAL\RenderingContext.hpp">
      <Filter>Fichiers d%27en-tête</Filter>
    </ClInclude>
    <ClInclude Include="RAL\ContextDescription.hpp">
      <Filter>Fichiers d%27en-tête</Filter>
    </ClInclude>
    <ClInclude Include="RAL\RenderingContextDX11.hpp">
      <Filter>Fichiers d%27en-tête</Filter>
    </ClInclude>
    <ClInclude Include="RL\Shader.hpp">
      <Filter>Fichiers d%27en-tête</Filter>
    </ClInclude>
    <ClInclude Include="math\Vector2.hpp">
      <Filter>Fichiers d%27en-tête</Filter>
    </ClInclude>
    <ClInclude Include="math\Vector3.hpp">
      <Filter>Fichiers d%27en-tête</Filter>
    </ClInclude>
    <ClInclude Include="math\Vector4.hpp">
      <Filter>Fichiers d%27en-tête</Filter>
    </ClInclude>
    <ClInclude Include="math\Matrix4f.hpp">
      <Filter>Fichiers d%27en-tête</Filter>
    </ClInclude>
    <ClInclude Include="math\Quaternion.hpp">
      <Filter>Fichiers d%27en-tête</Filter>
    </ClInclude>
    <ClInclude Include="math.hpp">
      <Filter>Fichiers d%27en-tête</Filter>
    </ClInclude>
    <ClInclude Include="loaders\ShaderLoader.hpp">
      <Filter>Fichiers d%27en-tête</Filter>
    </ClInclude>
    <ClInclude Include="utils\StringUtils.hpp">
      <Filter>Fichiers d%27en-tête</Filter>
    </ClInclude>
    <ClInclude Include="RL\ShaderDX11.hpp">
      <Filter>Fichiers d%27en-tête</Filter>
    </ClInclude>
    <ClInclude Include="main.hpp">
      <Filter>Fichiers d%27en-tête</Filter>
    </ClInclude>
    <ClInclude Include="RL\Model3D.hpp">
      <Filter>Fichiers d%27en-tête</Filter>
    </ClInclude>
    <ClInclude Include="RL\Model2D.hpp">
      <Filter>Fichiers d%27en-tête</Filter>
    </ClInclude>
    <ClInclude Include="RL\Model2DDX11.hpp">
      <Filter>Fichiers d%27en-tête</Filter>
    </ClInclude>
    <ClInclude Include="RML\ResourceManager.hpp">
      <Filter>Fichiers d%27en-tête</Filter>
    </ClInclude>
    <ClInclude Include="RAL\WindowGLFW.hpp">
      <Filter>Fichiers d%27en-tête</Filter>
    </ClInclude>
    <ClInclude Include="RAL\UsingOpenGL.hpp">
      <Filter>Fichiers d%27en-tête</Filter>
    </ClInclude>
    <ClInclude Include="RAL\RenderingContextGL.hpp">
      <Filter>Fichiers d%27en-tête</Filter>
    </ClInclude>
    <ClInclude Include="RL\ShaderGL.hpp">
      <Filter>Fichiers d%27en-tête</Filter>
    </ClInclude>
    <ClInclude Include="RL\Model2DGL.hpp">
      <Filter>Fichiers d%27en-tête</Filter>
    </ClInclude>
    <ClInclude Include="loaders\LevelLoader.hpp">
      <Filter>Fichiers d%27en-tête</Filter>
    </ClInclude>
    <ClInclude Include="RL\Renderer.hpp">
      <Filter>Fichiers d%27en-tête</Filter>
    </ClInclude>
    <ClInclude Include="RL\RenderPrimitives.hpp">
      <Filter>Fichiers d%27en-tête</Filter>
    </ClInclude>
    <ClInclude Include="RL\RendererGL.hpp">
      <Filter>Fichiers d%27en-tête</Filter>
    </ClInclude>
    <ClInclude Include="RL\RendererDX11.hpp">
      <Filter>Fichiers d%27en-tête</Filter>
    </ClInclude>
    <ClInclude Include="GL\Level.hpp">
      <Filter>Fichiers d%27en-tête</Filter>
    </ClInclude>
    <ClInclude Include="RL\Mesh2D.hpp">
      <Filter>Fichiers d%27en-tête</Filter>
    </ClInclude>
    <ClInclude Include="RL\Material.hpp">
      <Filter>Fichiers d%27en-tête</Filter>
    </ClInclude>
    <ClInclude Include="RL\Texture.hpp">
      <Filter>Fichiers d%27en-tête</Filter>
    </ClInclude>
    <ClInclude Include="RL\TextureGL.hpp">
      <Filter>Fichiers d%27en-tête</Filter>
    </ClInclude>
    <ClInclude Include="utils\stb_image.h">
      <Filter>Fichiers d%27en-tête</Filter>
    </ClInclude>
    <ClInclude Include="math\Matrix3f.hpp">
      <Filter>Fichiers d%27en-tête</Filter>
    </ClInclude>
    <ClInclude Include="math\Transform2D.hpp">
      <Filter>Fichiers d%27en-tête</Filter>
    </ClInclude>
    <ClInclude Include="RL\Model3DGL.hpp">
      <Filter>Fichiers d%27en-tête</Filter>
    </ClInclude>
    <ClInclude Include="loaders\OBJLoader.hpp">
      <Filter>Fichiers d%27en-tête</Filter>
    </ClInclude>
    <ClInclude Include="RL\Mesh3D.hpp">
      <Filter>Fichiers d%27en-tête</Filter>
    </ClInclude>
    <ClInclude Include="math\Transform3D.hpp">
      <Filter>Fichiers d%27en-tête</Filter>
    </ClInclude>
    <ClInclude Include="RL\Camera.hpp">
      <Filter>Fichiers d%27en-tête</Filter>
    </ClInclude>
    <ClInclude Include="RAL\Keys.hpp">
      <Filter>Fichiers d%27en-tête</Filter>
    </ClInclude>
    <ClInclude Include="RL\Model3DDX11.hpp">
      <Filter>Fichiers d%27en-tête</Filter>
    </ClInclude>
    <ClInclude Include="loaders\ModelLoader.hpp">
      <Filter>Fichiers d%27en-tête</Filter>
    </ClInclude>
    <ClInclude Include="RL\lights.hpp">
      <Filter>Fichiers d%27en-tête</Filter>
    </ClInclude>
    <ClInclude Include="RL\lights\DirectionalLight.hpp">
      <Filter>Fichiers d%27en-tête</Filter>
    </ClInclude>
    <ClInclude Include="RL\lights\PointLight.hpp">
      <Filter>Fichiers d%27en-tête</Filter>
    </ClInclude>
    <ClInclude Include="RL\TextureDX11.hpp">
      <Filter>Fichiers d%27en-tête</Filter>
    </ClInclude>
    <ClInclude Include="PL\PhysicsPrimitives.hpp">
      <Filter>Fichiers d%27en-tête</Filter>
    </ClInclude>
    <ClInclude Include="PL\PrimitiveCollision.hpp">
      <Filter>Fichiers d%27en-tête</Filter>
    </ClInclude>
    <ClInclude Include="PL\Movement3D.hpp">
      <Filter>Fichiers d%27en-tête</Filter>
    </ClInclude>
    <ClInclude Include="math\types.hpp">
      <Filter>Fichiers d%27en-tête</Filter>
    </ClInclude>
    <ClInclude Include="core\Time.hpp">
      <Filter>Fichiers d%27en-tête</Filter>
    </ClInclude>
    <ClInclude Include="loaders\LevelLoader_lua.hpp">
      <Filter>Fichiers d%27en-tête</Filter>
    </ClInclude>
    <ClInclude Include="loaders\TextureLoader.hpp">
      <Filter>Fichiers d%27en-tête</Filter>
    </ClInclude>
  </ItemGroup>
  <ItemGroup>
    <Text Include="TODO.txt" />
  </ItemGroup>
  <ItemGroup>
    <None Include="shaders\HLSL\2D\shader2Dcolor.ps" />
    <None Include="shaders\HLSL\2D\shader2Dcolor.vs" />
    <None Include="shaders\GLSL\2D\shader2Dcolor.vs" />
    <None Include="shaders\GLSL\2D\shader2Dcolor.fs" />
    <None Include="shaders\GLSL\renderer\shader2Dpoint.vs" />
    <None Include="shaders\GLSL\renderer\shader2Dpoint.fs" />
    <None Include="shaders\GLSL\renderer\shader2Dline.vs" />
    <None Include="shaders\GLSL\renderer\shader2Dline.fs" />
    <None Include="shaders\HLSL\renderer\shader2Dsprite.vs" />
    <None Include="shaders\HLSL\renderer\shader2Dsprite.ps" />
    <None Include="shaders\HLSL\renderer\shader2Dpoint.vs" />
    <None Include="shaders\HLSL\renderer\shader2Dpoint.ps" />
    <None Include="shaders\GLSL\renderer\shader2Dsprite.fs" />
    <None Include="shaders\GLSL\renderer\shader2Dsprite.vs" />
    <None Include="levels\level_test.lmx" />
    <None Include="shaders\GLSL\3D\shader3Dcolor.vs" />
    <None Include="shaders\GLSL\3D\shader3Dcolor.fs" />
    <None Include="shaders\GLSL\renderer\shader3Dpoint.vs" />
    <None Include="shaders\GLSL\renderer\shader3Dpoint.fs" />
    <None Include="shaders\HLSL\renderer\shader2Dline.vs" />
    <None Include="shaders\HLSL\renderer\shader2Dline.ps" />
    <None Include="shaders\HLSL\3D\shader3Dcolor.vs" />
    <None Include="shaders\HLSL\3D\shader3Dcolor.ps" />
    <None Include="shaders\HLSL\renderer\shader3Dpoint.vs" />
    <None Include="shaders\HLSL\renderer\shader3Dpoint.ps" />
    <None Include="shaders\GLSL\renderer\shader3Dline.vs" />
    <None Include="shaders\GLSL\renderer\shader3Dline.fs" />
    <None Include="shaders\GLSL\3D\shader3Dtexture.vs" />
    <None Include="shaders\GLSL\3D\shader3Dtexture.fs" />
    <None Include="shaders\GLSL\3D\shader3Dlight.vs" />
    <None Include="shaders\GLSL\3D\shader3Dlight.fs" />
    <None Include="levels\level_squirtle.lmx" />
    <None Include="shaders\HLSL\3D\shader3Dtexture.vs" />
    <None Include="shaders\HLSL\3D\shader3Dtexture.ps" />
    <None Include="shaders\GLSL\physics\shader3DAABB.vs" />
    <None Include="shaders\GLSL\physics\shader3DAABB.fs" />
    <None Include="shaders\GLSL\physics\shader3Dsphere.vs" />
    <None Include="shaders\GLSL\physics\shader3Dsphere.fs" />
    <None Include="shaders\GLSL\physics\shader3Dplane.vs" />
    <None Include="shaders\GLSL\physics\shader3Dplane.fs" />
    <None Include="shaders\GLSL\physics\shader3DOBB.vs" />
    <None Include="shaders\GLSL\physics\shader3DOBB.fs" />
    <None Include="levels\lua1.lua" />
    <None Include="levels\level_test.lua" />
  </ItemGroup>
</Project>